Microsoft Visual Studio Solution File, Format Version 12.00
# Visual Studio 2012
Project("{FAE04EC0-301F-11D3-BF4B-00C04F79EFBC}") = "Nordic Mythology Project", "Nordic Mythology Project.csproj", "{FF64E4B2-A264-4CB4-8D0A-006693CA2735}"
EndProject
Global
	GlobalSection(SolutionConfigurationPlatforms) = preSolution
	Debug|Any CPU = Debug|Any CPU
	ExportDebug|Any CPU = ExportDebug|Any CPU
	ExportRelease|Any CPU = ExportRelease|Any CPU
	EndGlobalSection
	GlobalSection(ProjectConfigurationPlatforms) = postSolution
		{FF64E4B2-A264-4CB4-8D0A-006693CA2735}.Debug|Any CPU.ActiveCfg = Debug|Any CPU
		{FF64E4B2-A264-4CB4-8D0A-006693CA2735}.Debug|Any CPU.Build.0 = Debug|Any CPU
		{FF64E4B2-A264-4CB4-8D0A-006693CA2735}.ExportDebug|Any CPU.ActiveCfg = ExportDebug|Any CPU
		{FF64E4B2-A264-4CB4-8D0A-006693CA2735}.ExportDebug|Any CPU.Build.0 = ExportDebug|Any CPU
		{FF64E4B2-A264-4CB4-8D0A-006693CA2735}.ExportRelease|Any CPU.ActiveCfg = ExportRelease|Any CPU
		{FF64E4B2-A264-4CB4-8D0A-006693CA2735}.ExportRelease|Any CPU.Build.0 = ExportRelease|Any CPU
	EndGlobalSection
EndGlobal
